
Microsoft Visual Studio Solution File, Format Version 12.00
# Visual Studio 15
VisualStudioVersion = 15.0.27004.2009
MinimumVisualStudioVersion = 10.0.40219.1
Project("{FAE04EC0-301F-11D3-BF4B-00C04F79EFBC}") = "SocketLite", "SocketLite\SocketLite.csproj", "{88D04C6F-74A1-4AA0-A16C-9E3969466665}"
EndProject
Project("{FAE04EC0-301F-11D3-BF4B-00C04F79EFBC}") = "SocketLite.Server", "SocketLite.Server\SocketLite.Server.csproj", "{17A217E1-2224-49D0-A136-AA3DBDA3066F}"
EndProject
Project("{FAE04EC0-301F-11D3-BF4B-00C04F79EFBC}") = "SocketLite.Client", "SocketLite.Client\SocketLite.Client.csproj", "{4F08E3DE-0359-452F-9419-1B3DCA34F4DF}"
EndProject
Global
	GlobalSection(SolutionConfigurationPlatforms) = preSolution
		Debug|Any CPU = Debug|Any CPU
		Release|Any CPU = Release|Any CPU
	EndGlobalSection
	GlobalSection(ProjectConfigurationPlatforms) = postSolution
		{88D04C6F-74A1-4AA0-A16C-9E3969466665}.Debug|Any CPU.ActiveCfg = Debug|Any CPU
		{88D04C6F-74A1-4AA0-A16C-9E3969466665}.Debug|Any CPU.Build.0 = Debug|Any CPU
		{88D04C6F-74A1-4AA0-A16C-9E3969466665}.Release|Any CPU.ActiveCfg = Release|Any CPU
		{88D04C6F-74A1-4AA0-A16C-9E3969466665}.Release|Any CPU.Build.0 = Release|Any CPU
		{17A217E1-2224-49D0-A136-AA3DBDA3066F}.Debug|Any CPU.ActiveCfg = Debug|Any CPU
		{17A217E1-2224-49D0-A136-AA3DBDA3066F}.Debug|Any CPU.Build.0 = Debug|Any CPU
		{17A217E1-2224-49D0-A136-AA3DBDA3066F}.Release|Any CPU.ActiveCfg = Release|Any CPU
		{17A217E1-2224-49D0-A136-AA3DBDA3066F}.Release|Any CPU.Build.0 = Release|Any CPU
		{4F08E3DE-0359-452F-9419-1B3DCA34F4DF}.Debug|Any CPU.ActiveCfg = Debug|Any CPU
		{4F08E3DE-0359-452F-9419-1B3DCA34F4DF}.Debug|Any CPU.Build.0 = Debug|Any CPU
		{4F08E3DE-0359-452F-9419-1B3DCA34F4DF}.Release|Any CPU.ActiveCfg = Release|Any CPU
		{4F08E3DE-0359-452F-9419-1B3DCA34F4DF}.Release|Any CPU.Build.0 = Release|Any CPU
	EndGlobalSection
	GlobalSection(SolutionProperties) = preSolution
		HideSolutionNode = FALSE
	EndGlobalSection
	GlobalSection(ExtensibilityGlobals) = postSolution
		SolutionGuid = {A8EFBA5C-A0B0-478B-B00F-1CB61C9946BB}
	EndGlobalSection
EndGlobal
